PODS:
  - Realm (3.11.2):
    - Realm/Headers (= 3.11.2)
  - Realm/Headers (3.11.2)
  - RealmSwift (3.11.2):
    - Realm (= 3.11.2)

DEPENDENCIES:
  - RealmSwift

SPEC REPOS:
  https://github.com/cocoapods/specs.git:
    - Realm
    - RealmSwift

SPEC CHECKSUMS:
  Realm: 864477d028db77f7c5a0cba64a4892ad53db128a
  RealmSwift: 12b8262fc08020b47de4fd88eb3d5c9425b34ec7

PODFILE CHECKSUM: 0e23fb5d4701b2abdcfc58143ca6d4d6d3bc040f

COCOAPODS: 1.5.3
